
Microsoft Visual Studio Solution File, Format Version 12.00
# Visual Studio Version 17
VisualStudioVersion = 17.9.34723.18
MinimumVisualStudioVersion = 10.0.40219.1
Project("{FAE04EC0-301F-11D3-BF4B-00C04F79EFBC}") = "Pair-a-dox", "Pair-a-dox\Pair-a-dox.csproj", "{BB2FA46A-12C0-4916-8411-942402DED631}"
EndProject
Global
	GlobalSection(SolutionConfigurationPlatforms) = preSolution
		Debug|Any CPU = Debug|Any CPU
		Release|Any CPU = Release|Any CPU
	EndGlobalSection
	GlobalSection(ProjectConfigurationPlatforms) = postSolution
		{BB2FA46A-12C0-4916-8411-942402DED631}.Debug|Any CPU.ActiveCfg = Debug|Any CPU
		{BB2FA46A-12C0-4916-8411-942402DED631}.Debug|Any CPU.Build.0 = Debug|Any CPU
		{BB2FA46A-12C0-4916-8411-942402DED631}.Release|Any CPU.ActiveCfg = Release|Any CPU
		{BB2FA46A-12C0-4916-8411-942402DED631}.Release|Any CPU.Build.0 = Release|Any CPU
	EndGlobalSection
	GlobalSection(SolutionProperties) = preSolution
		HideSolutionNode = FALSE
	EndGlobalSection
	GlobalSection(ExtensibilityGlobals) = postSolution
		SolutionGuid = {AC7909CB-6C85-4628-B380-8A80FBF005D4}
	EndGlobalSection
EndGlobal
